// !$*UTF8*$!
{
	archiveVersion = 1;
	classes = {
	};
	objectVersion = 46;
	objects = {

/* Begin PBXBuildFile section */
		718C5D101A9DC320002AEA8D /* main.m in Sources */ = {isa = PBXBuildFile; fileRef = 718C5D0F1A9DC320002AEA8D /* main.m */; };
		718C5D1A1A9DC404002AEA8D /* Jastor.m in Sources */ = {isa = PBXBuildFile; fileRef = 718C5D171A9DC404002AEA8D /* Jastor.m */; };
		718C5D1B1A9DC404002AEA8D /* JastorRuntimeHelper.m in Sources */ = {isa = PBXBuildFile; fileRef = 718C5D191A9DC404002AEA8D /* JastorRuntimeHelper.m */; };
		718C5D1E1A9DC42A002AEA8D /* object.m in Sources */ = {isa = PBXBuildFile; fileRef = 718C5D1D1A9DC42A002AEA8D /* object.m */; };
/* End PBXBuildFile section */

/* Begin PBXCopyFilesBuildPhase section */
		718C5D0A1A9DC320002AEA8D /* CopyFiles */ = {
			isa = PBXCopyFilesBuildPhase;
			buildActionMask = 2147483647;
			dstPath = /usr/share/man/man1/;
			dstSubfolderSpec = 0;
			files = (
			);
			runOnlyForDeploymentPostprocessing = 1;
		};
/* End PBXCopyFilesBuildPhase section */

/* Begin PBXFileReference section */
		718C5D0C1A9DC320002AEA8D /* 9_JsonToOCCollection */ = {isa = PBXFileReference; explicitFileType = "compiled.mach-o.executable"; includeInIndex = 0; path = 9_JsonToOCCollection; sourceTree = BUILT_PRODUCTS_DIR; };
		718C5D0F1A9DC320002AEA8D /* main.m */ = {isa = PBXFileReference; lastKnownFileType = sourcecode.c.objc; path = main.m; sourceTree = "<group>"; };
		718C5D161A9DC404002AEA8D /* Jastor.h */ = {isa = PBXFileReference; fileEncoding = 4; lastKnownFileType = sourcecode.c.h; path = Jastor.h; sourceTree = "<group>"; };
		718C5D171A9DC404002AEA8D /* Jastor.m */ = {isa = PBXFileReference; fileEncoding = 4; lastKnownFileType = sourcecode.c.objc; path = Jastor.m; sourceTree = "<group>"; };
		718C5D181A9DC404002AEA8D /* JastorRuntimeHelper.h */ = {isa = PBXFileReference; fileEncoding = 4; lastKnownFileType = sourcecode.c.h; path = JastorRuntimeHelper.h; sourceTree = "<group>"; };
		718C5D191A9DC404002AEA8D /* JastorRuntimeHelper.m */ = {isa = PBXFileReference; fileEncoding = 4; lastKnownFileType = sourcecode.c.objc; path = JastorRuntimeHelper.m; sourceTree = "<group>"; };
		718C5D1C1A9DC42A002AEA8D /* object.h */ = {isa = PBXFileReference; fileEncoding = 4; lastKnownFileType = sourcecode.c.h; path = object.h; sourceTree = "<group>"; };
		718C5D1D1A9DC42A002AEA8D /* object.m */ = {isa = PBXFileReference; fileEncoding = 4; lastKnownFileType = sourcecode.c.objc; path = object.m; sourceTree = "<group>"; };
/* End PBXFileReference section */

/* Begin PBXFrameworksBuildPhase section */
		718C5D091A9DC320002AEA8D /* Frameworks */ = {
			isa = PBXFrameworksBuildPhase;
			buildActionMask = 2147483647;
			files = (
			);
			runOnlyForDeploymentPostprocessing = 0;
		};
/* End PBXFrameworksBuildPhase section */

/* Begin PBXGroup section */
		718C5D031A9DC320002AEA8D = {
			isa = PBXGroup;
			children = (
				718C5D0E1A9DC320002AEA8D /* 9_JsonToOCList */,
				718C5D0D1A9DC320002AEA8D /* Products */,
			);
			sourceTree = "<group>";
		};
		718C5D0D1A9DC320002AEA8D /* Products */ = {
			isa = PBXGroup;
			children = (
				718C5D0C1A9DC320002AEA8D /* 9_JsonToOCCollection */,
			);
			name = Products;
			sourceTree = "<group>";
		};
		718C5D0E1A9DC320002AEA8D /* 9_JsonToOCList */ = {
			isa = PBXGroup;
			children = (
				718C5D1C1A9DC42A002AEA8D /* object.h */,
				718C5D1D1A9DC42A002AEA8D /* object.m */,
				718C5D161A9DC404002AEA8D /* Jastor.h */,
				718C5D171A9DC404002AEA8D /* Jastor.m */,
				718C5D181A9DC404002AEA8D /* JastorRuntimeHelper.h */,
				718C5D191A9DC404002AEA8D /* JastorRuntimeHelper.m */,
				718C5D0F1A9DC320002AEA8D /* main.m */,
			);
			path = 9_JsonToOCList;
			sourceTree = "<group>";
		};
/* End PBXGroup section */

/* Begin PBXNativeTarget section */
		718C5D0B1A9DC320002AEA8D /* 9_JsonToOCCollection */ = {
			isa = PBXNativeTarget;
			buildConfigurationList = 718C5D131A9DC320002AEA8D /* Build configuration list for PBXNativeTarget "9_JsonToOCCollection" */;
			buildPhases = (
				718C5D081A9DC320002AEA8D /* Sources */,
				718C5D091A9DC320002AEA8D /* Frameworks */,
				718C5D0A1A9DC320002AEA8D /* CopyFiles */,
			);
			buildRules = (
			);
			dependencies = (
			);
			name = 9_JsonToOCCollection;
			productName = 9_JsonToOCList;
			productReference = 718C5D0C1A9DC320002AEA8D /* 9_JsonToOCCollection */;
			productType = "com.apple.product-type.tool";
		};
/* End PBXNativeTarget section */

/* Begin PBXProject section */
		718C5D041A9DC320002AEA8D /* Project object */ = {
			isa = PBXProject;
			attributes = {
				LastUpgradeCheck = 0610;
				ORGANIZATIONNAME = benlu;
				TargetAttributes = {
					718C5D0B1A9DC320002AEA8D = {
						CreatedOnToolsVersion = 6.1.1;
					};
				};
			};
			buildConfigurationList = 718C5D071A9DC320002AEA8D /* Build configuration list for PBXProject "9_JsonToOCCollection" */;
			compatibilityVersion = "Xcode 3.2";
			developmentRegion = English;
			hasScannedForEncodings = 0;
			knownRegions = (
				en,
			);
			mainGroup = 718C5D031A9DC320002AEA8D;
			productRefGroup = 718C5D0D1A9DC320002AEA8D /* Products */;
			projectDirPath = "";
			projectRoot = "";
			targets = (
				718C5D0B1A9DC320002AEA8D /* 9_JsonToOCCollection */,
			);
		};
/* End PBXProject section */

/* Begin PBXSourcesBuildPhase section */
		718C5D081A9DC320002AEA8D /* Sources */ = {
			isa = PBXSourcesBuildPhase;
			buildActionMask = 2147483647;
			files = (
				718C5D1B1A9DC404002AEA8D /* JastorRuntimeHelper.m in Sources */,
				718C5D1A1A9DC404002AEA8D /* Jastor.m in Sources */,
				718C5D1E1A9DC42A002AEA8D /* object.m in Sources */,
				718C5D101A9DC320002AEA8D /* main.m in Sources */,
			);
			runOnlyForDeploymentPostprocessing = 0;
		};
/* End PBXSourcesBuildPhase section */

/* Begin XCBuildConfiguration section */
		718C5D111A9DC320002AEA8D /* Debug */ = {
			isa = XCBuildConfiguration;
			buildSettings = {
				ALWAYS_SEARCH_USER_PATHS = NO;
				CLANG_CXX_LANGUAGE_STANDARD = "gnu++0x";
				CLANG_CXX_LIBRARY = "libc++";
				CLANG_ENABLE_MODULES = YES;
				CLANG_ENABLE_OBJC_ARC = YES;
				CLANG_WARN_BOOL_CONVERSION = YES;
				CLANG_WARN_CONSTANT_CONVERSION = YES;
				CLANG_WARN_DIRECT_OBJC_ISA_USAGE = YES_ERROR;
				CLANG_WARN_EMPTY_BODY = YES;
				CLANG_WARN_ENUM_CONVERSION = YES;
				CLANG_WARN_INT_CONVERSION = YES;
				CLANG_WARN_OBJC_ROOT_CLASS = YES_ERROR;
				CLANG_WARN_UNREACHABLE_CODE = YES;
				CLANG_WARN__DUPLICATE_METHOD_MATCH = YES;
				COPY_PHASE_STRIP = NO;
				ENABLE_STRICT_OBJC_MSGSEND = YES;
				GCC_C_LANGUAGE_STANDARD = gnu99;
				GCC_DYNAMIC_NO_PIC = NO;
				GCC_OPTIMIZATION_LEVEL = 0;
				GCC_PREPROCESSOR_DEFINITIONS = (
					"DEBUG=1",
					"$(inherited)",
				);
				GCC_SYMBOLS_PRIVATE_EXTERN = NO;
				GCC_WARN_64_TO_32_BIT_CONVERSION = YES;
				GCC_WARN_ABOUT_RETURN_TYPE = YES_ERROR;
				GCC_WARN_UNDECLARED_SELECTOR = YES;
				GCC_WARN_UNINITIALIZED_AUTOS = YES_AGGRESSIVE;
				GCC_WARN_UNUSED_FUNCTION = YES;
				GCC_WARN_UNUSED_VARIABLE = YES;
				MACOSX_DEPLOYMENT_TARGET = 10.10;
				MTL_ENABLE_DEBUG_INFO = YES;
				ONLY_ACTIVE_ARCH = YES;
				SDKROOT = macosx;
			};
			name = Debug;
		};
		718C5D121A9DC320002AEA8D /* Release */ = {
			isa = XCBuildConfiguration;
			buildSettings = {
				ALWAYS_SEARCH_USER_PATHS = NO;
				CLANG_CXX_LANGUAGE_STANDARD = "gnu++0x";
				CLANG_CXX_LIBRARY = "libc++";
				CLANG_ENABLE_MODULES = YES;
				CLANG_ENABLE_OBJC_ARC = YES;
				CLANG_WARN_BOOL_CONVERSION = YES;
				CLANG_WARN_CONSTANT_CONVERSION = YES;
				CLANG_WARN_DIRECT_OBJC_ISA_USAGE = YES_ERROR;
				CLANG_WARN_EMPTY_BODY = YES;
				CLANG_WARN_ENUM_CONVERSION = YES;
				CLANG_WARN_INT_CONVERSION = YES;
				CLANG_WARN_OBJC_ROOT_CLASS = YES_ERROR;
				CLANG_WARN_UNREACHABLE_CODE = YES;
				CLANG_WARN__DUPLICATE_METHOD_MATCH = YES;
				COPY_PHASE_STRIP = YES;
				DEBUG_INFORMATION_FORMAT = "dwarf-with-dsym";
				ENABLE_NS_ASSERTIONS = NO;
				ENABLE_STRICT_OBJC_MSGSEND = YES;
				GCC_C_LANGUAGE_STANDARD = gnu99;
				GCC_WARN_64_TO_32_BIT_CONVERSION = YES;
				GCC_WARN_ABOUT_RETURN_TYPE = YES_ERROR;
				GCC_WARN_UNDECLARED_SELECTOR = YES;
				GCC_WARN_UNINITIALIZED_AUTOS = YES_AGGRESSIVE;
				GCC_WARN_UNUSED_FUNCTION = YES;
				GCC_WARN_UNUSED_VARIABLE = YES;
				MACOSX_DEPLOYMENT_TARGET = 10.10;
				MTL_ENABLE_DEBUG_INFO = NO;
				SDKROOT = macosx;
			};
			name = Release;
		};
		718C5D141A9DC320002AEA8D /* Debug */ = {
			isa = XCBuildConfiguration;
			buildSettings = {
				PRODUCT_NAME = 9_JsonToOCCollection;
			};
			name = Debug;
		};
		718C5D151A9DC320002AEA8D /* Release */ = {
			isa = XCBuildConfiguration;
			buildSettings = {
				PRODUCT_NAME = 9_JsonToOCCollection;
			};
			name = Release;
		};
/* End XCBuildConfiguration section */

/* Begin XCConfigurationList section */
		718C5D071A9DC320002AEA8D /* Build configuration list for PBXProject "9_JsonToOCCollection" */ = {
			isa = XCConfigurationList;
			buildConfigurations = (
				718C5D111A9DC320002AEA8D /* Debug */,
				718C5D121A9DC320002AEA8D /* Release */,
			);
			defaultConfigurationIsVisible = 0;
			defaultConfigurationName = Release;
		};
		718C5D131A9DC320002AEA8D /* Build configuration list for PBXNativeTarget "9_JsonToOCCollection" */ = {
			isa = XCConfigurationList;
			buildConfigurations = (
				718C5D141A9DC320002AEA8D /* Debug */,
				718C5D151A9DC320002AEA8D /* Release */,
			);
			defaultConfigurationIsVisible = 0;
			defaultConfigurationName = Release;
		};
/* End XCConfigurationList section */
	};
	rootObject = 718C5D041A9DC320002AEA8D /* Project object */;
}
